
Microsoft Visual Studio Solution File, Format Version 12.00
Project("{FAE04EC0-301F-11D3-BF4B-00C04F79EFBC}") = "Web", "Web\Web.csproj", "{3267A743-FE3E-4CBB-81C2-B8B897B15A11}"
EndProject
Project("{FAE04EC0-301F-11D3-BF4B-00C04F79EFBC}") = "Core", "Core\Core.csproj", "{B26EA10F-5787-4417-AC9C-855243463F59}"
EndProject
Project("{FAE04EC0-301F-11D3-BF4B-00C04F79EFBC}") = "Infrastructure", "Infrastructure\Infrastructure.csproj", "{3F8845E0-AD6E-45C0-9EDC-CE85FAB21430}"
EndProject
Global
	GlobalSection(SolutionConfigurationPlatforms) = preSolution
		Debug|Any CPU = Debug|Any CPU
		Release|Any CPU = Release|Any CPU
	EndGlobalSection
	GlobalSection(ProjectConfigurationPlatforms) = postSolution
		{3267A743-FE3E-4CBB-81C2-B8B897B15A11}.Debug|Any CPU.ActiveCfg = Debug|Any CPU
		{3267A743-FE3E-4CBB-81C2-B8B897B15A11}.Debug|Any CPU.Build.0 = Debug|Any CPU
		{3267A743-FE3E-4CBB-81C2-B8B897B15A11}.Release|Any CPU.ActiveCfg = Release|Any CPU
		{3267A743-FE3E-4CBB-81C2-B8B897B15A11}.Release|Any CPU.Build.0 = Release|Any CPU
		{B26EA10F-5787-4417-AC9C-855243463F59}.Debug|Any CPU.ActiveCfg = Debug|Any CPU
		{B26EA10F-5787-4417-AC9C-855243463F59}.Debug|Any CPU.Build.0 = Debug|Any CPU
		{B26EA10F-5787-4417-AC9C-855243463F59}.Release|Any CPU.ActiveCfg = Release|Any CPU
		{B26EA10F-5787-4417-AC9C-855243463F59}.Release|Any CPU.Build.0 = Release|Any CPU
		{3F8845E0-AD6E-45C0-9EDC-CE85FAB21430}.Debug|Any CPU.ActiveCfg = Debug|Any CPU
		{3F8845E0-AD6E-45C0-9EDC-CE85FAB21430}.Debug|Any CPU.Build.0 = Debug|Any CPU
		{3F8845E0-AD6E-45C0-9EDC-CE85FAB21430}.Release|Any CPU.ActiveCfg = Release|Any CPU
		{3F8845E0-AD6E-45C0-9EDC-CE85FAB21430}.Release|Any CPU.Build.0 = Release|Any CPU
	EndGlobalSection
EndGlobal
